
Microsoft Visual Studio Solution File, Format Version 12.00
# Visual Studio Version 16
VisualStudioVersion = 16.0.30523.141
MinimumVisualStudioVersion = 10.0.40219.1
Project("{FAE04EC0-301F-11D3-BF4B-00C04F79EFBC}") = "Q1", "Q1\Q1.csproj", "{D160D728-21BE-4E71-9599-B3817A1DBAD1}"
EndProject
Global
	GlobalSection(SolutionConfigurationPlatforms) = preSolution
		Debug|Any CPU = Debug|Any CPU
		Release|Any CPU = Release|Any CPU
	EndGlobalSection
	GlobalSection(ProjectConfigurationPlatforms) = postSolution
		{D160D728-21BE-4E71-9599-B3817A1DBAD1}.Debug|Any CPU.ActiveCfg = Debug|Any CPU
		{D160D728-21BE-4E71-9599-B3817A1DBAD1}.Debug|Any CPU.Build.0 = Debug|Any CPU
		{D160D728-21BE-4E71-9599-B3817A1DBAD1}.Release|Any CPU.ActiveCfg = Release|Any CPU
		{D160D728-21BE-4E71-9599-B3817A1DBAD1}.Release|Any CPU.Build.0 = Release|Any CPU
	EndGlobalSection
	GlobalSection(SolutionProperties) = preSolution
		HideSolutionNode = FALSE
	EndGlobalSection
	GlobalSection(ExtensibilityGlobals) = postSolution
		SolutionGuid = {675183F1-7ADD-4258-BF78-14FC7465DD35}
	EndGlobalSection
EndGlobal
