
Microsoft Visual Studio Solution File, Format Version 12.00
# Visual Studio Version 16
VisualStudioVersion = 16.0.30523.141
MinimumVisualStudioVersion = 10.0.40219.1
Project("{9A19103F-16F7-4668-BE54-9A1E7A4F7556}") = "Q1", "Q1\Q1.csproj", "{D160D728-21BE-4E71-9599-B3817A1DBAD1}"
EndProject
Project("{9A19103F-16F7-4668-BE54-9A1E7A4F7556}") = "Q2", "Q2\Q2.csproj", "{2CFE9159-992E-4935-A703-442FC0058651}"
EndProject
Project("{9A19103F-16F7-4668-BE54-9A1E7A4F7556}") = "Q3", "Q3\Q3.csproj", "{651C63F8-379E-40D5-B52E-9B5905485F3D}"
EndProject
Project("{FAE04EC0-301F-11D3-BF4B-00C04F79EFBC}") = "Q4", "Q4\Q4.csproj", "{3EEFF183-51B4-4B7D-96BC-69827E9DA2AC}"
EndProject
Project("{FAE04EC0-301F-11D3-BF4B-00C04F79EFBC}") = "Q5", "Q5\Q5.csproj", "{FF630157-EE7D-487A-A9DF-149425120650}"
EndProject
Project("{FAE04EC0-301F-11D3-BF4B-00C04F79EFBC}") = "Q6", "Q6\Q6.csproj", "{121A345C-9D57-4FEA-A64E-3505FC7E5F4E}"
EndProject
Project("{FAE04EC0-301F-11D3-BF4B-00C04F79EFBC}") = "Q7", "Q7\Q7.csproj", "{005B3D52-A523-44F6-B58B-56AEA608F5C6}"
EndProject
Global
	GlobalSection(SolutionConfigurationPlatforms) = preSolution
		Debug|Any CPU = Debug|Any CPU
		Release|Any CPU = Release|Any CPU
	EndGlobalSection
	GlobalSection(ProjectConfigurationPlatforms) = postSolution
		{D160D728-21BE-4E71-9599-B3817A1DBAD1}.Debug|Any CPU.ActiveCfg = Debug|Any CPU
		{D160D728-21BE-4E71-9599-B3817A1DBAD1}.Debug|Any CPU.Build.0 = Debug|Any CPU
		{D160D728-21BE-4E71-9599-B3817A1DBAD1}.Release|Any CPU.ActiveCfg = Release|Any CPU
		{D160D728-21BE-4E71-9599-B3817A1DBAD1}.Release|Any CPU.Build.0 = Release|Any CPU
		{2CFE9159-992E-4935-A703-442FC0058651}.Debug|Any CPU.ActiveCfg = Debug|Any CPU
		{2CFE9159-992E-4935-A703-442FC0058651}.Debug|Any CPU.Build.0 = Debug|Any CPU
		{2CFE9159-992E-4935-A703-442FC0058651}.Release|Any CPU.ActiveCfg = Release|Any CPU
		{2CFE9159-992E-4935-A703-442FC0058651}.Release|Any CPU.Build.0 = Release|Any CPU
		{651C63F8-379E-40D5-B52E-9B5905485F3D}.Debug|Any CPU.ActiveCfg = Debug|Any CPU
		{651C63F8-379E-40D5-B52E-9B5905485F3D}.Debug|Any CPU.Build.0 = Debug|Any CPU
		{651C63F8-379E-40D5-B52E-9B5905485F3D}.Release|Any CPU.ActiveCfg = Release|Any CPU
		{651C63F8-379E-40D5-B52E-9B5905485F3D}.Release|Any CPU.Build.0 = Release|Any CPU
		{3EEFF183-51B4-4B7D-96BC-69827E9DA2AC}.Debug|Any CPU.ActiveCfg = Debug|Any CPU
		{3EEFF183-51B4-4B7D-96BC-69827E9DA2AC}.Debug|Any CPU.Build.0 = Debug|Any CPU
		{3EEFF183-51B4-4B7D-96BC-69827E9DA2AC}.Release|Any CPU.ActiveCfg = Release|Any CPU
		{3EEFF183-51B4-4B7D-96BC-69827E9DA2AC}.Release|Any CPU.Build.0 = Release|Any CPU
		{FF630157-EE7D-487A-A9DF-149425120650}.Debug|Any CPU.ActiveCfg = Debug|Any CPU
		{FF630157-EE7D-487A-A9DF-149425120650}.Debug|Any CPU.Build.0 = Debug|Any CPU
		{FF630157-EE7D-487A-A9DF-149425120650}.Release|Any CPU.ActiveCfg = Release|Any CPU
		{FF630157-EE7D-487A-A9DF-149425120650}.Release|Any CPU.Build.0 = Release|Any CPU
		{121A345C-9D57-4FEA-A64E-3505FC7E5F4E}.Debug|Any CPU.ActiveCfg = Debug|Any CPU
		{121A345C-9D57-4FEA-A64E-3505FC7E5F4E}.Debug|Any CPU.Build.0 = Debug|Any CPU
		{121A345C-9D57-4FEA-A64E-3505FC7E5F4E}.Release|Any CPU.ActiveCfg = Release|Any CPU
		{121A345C-9D57-4FEA-A64E-3505FC7E5F4E}.Release|Any CPU.Build.0 = Release|Any CPU
		{005B3D52-A523-44F6-B58B-56AEA608F5C6}.Debug|Any CPU.ActiveCfg = Debug|Any CPU
		{005B3D52-A523-44F6-B58B-56AEA608F5C6}.Debug|Any CPU.Build.0 = Debug|Any CPU
		{005B3D52-A523-44F6-B58B-56AEA608F5C6}.Release|Any CPU.ActiveCfg = Release|Any CPU
		{005B3D52-A523-44F6-B58B-56AEA608F5C6}.Release|Any CPU.Build.0 = Release|Any CPU
	EndGlobalSection
	GlobalSection(SolutionProperties) = preSolution
		HideSolutionNode = FALSE
	EndGlobalSection
	GlobalSection(ExtensibilityGlobals) = postSolution
		SolutionGuid = {675183F1-7ADD-4258-BF78-14FC7465DD35}
	EndGlobalSection
EndGlobal
